// !$*UTF8*$!
{
	archiveVersion = 1;
	classes = {
	};
	objectVersion = 46;
	objects = {

/* Begin PBXBuildFile section */
		0E39686F45F406CB0E1B3959 /* libPods-MyCalculator.a in Frameworks */ = {isa = PBXBuildFile; fileRef = C0C8A6C635A06DD648EC6D19 /* libPods-MyCalculator.a */; };
		544B1FB81A41A79200642011 /* HealthViewController.m in Sources */ = {isa = PBXBuildFile; fileRef = 544B1FB71A41A79200642011 /* HealthViewController.m */; };
		5457C08E1A3C160800C36CCD /* btnView.m in Sources */ = {isa = PBXBuildFile; fileRef = 5457C08D1A3C160800C36CCD /* btnView.m */; };
		5460F2CC1A3450290045098C /* main.m in Sources */ = {isa = PBXBuildFile; fileRef = 5460F2CB1A3450290045098C /* main.m */; };
		5460F2CF1A3450290045098C /* AppDelegate.m in Sources */ = {isa = PBXBuildFile; fileRef = 5460F2CE1A3450290045098C /* AppDelegate.m */; };
		5460F2D21A3450290045098C /* ViewController.m in Sources */ = {isa = PBXBuildFile; fileRef = 5460F2D11A3450290045098C /* ViewController.m */; };
		5460F2D51A3450290045098C /* Main.storyboard in Resources */ = {isa = PBXBuildFile; fileRef = 5460F2D31A3450290045098C /* Main.storyboard */; };
		5460F2D71A3450290045098C /* Images.xcassets in Resources */ = {isa = PBXBuildFile; fileRef = 5460F2D61A3450290045098C /* Images.xcassets */; };
		5460F2DA1A3450290045098C /* LaunchScreen.xib in Resources */ = {isa = PBXBuildFile; fileRef = 5460F2D81A3450290045098C /* LaunchScreen.xib */; };
		5460F2E61A3450290045098C /* MyCalculatorTests.m in Sources */ = {isa = PBXBuildFile; fileRef = 5460F2E51A3450290045098C /* MyCalculatorTests.m */; };
		5460F2F11A3450520045098C /* Calculate.m in Sources */ = {isa = PBXBuildFile; fileRef = 5460F2F01A3450520045098C /* Calculate.m */; };
		547166091A36E307006ADFAF /* Stack.m in Sources */ = {isa = PBXBuildFile; fileRef = 547166081A36E307006ADFAF /* Stack.m */; };
		54D24F951A41837000483260 /* Calculate+Health.m in Sources */ = {isa = PBXBuildFile; fileRef = 54D24F941A41837000483260 /* Calculate+Health.m */; };
		54D70B4E1A3EFCC3006241AC /* advancedCalculator.m in Sources */ = {isa = PBXBuildFile; fileRef = 54D70B4D1A3EFCC3006241AC /* advancedCalculator.m */; };
		54D70B511A3F0C3F006241AC /* SecondViewController.m in Sources */ = {isa = PBXBuildFile; fileRef = 54D70B501A3F0C3F006241AC /* SecondViewController.m */; };
		70D2A3D6321C15A1125623BA /* libPods-MyCalculatorTests.a in Frameworks */ = {isa = PBXBuildFile; fileRef = BBFEA8DF6CC8118BB5D7EDB7 /* libPods-MyCalculatorTests.a */; };
		8B1A09201A4F91CF000C8AE0 /* drawRectView.m in Sources */ = {isa = PBXBuildFile; fileRef = 8B1A091F1A4F91CF000C8AE0 /* drawRectView.m */; };
		8B6D2E411A456DB800B6EC70 /* TriangleViewController.m in Sources */ = {isa = PBXBuildFile; fileRef = 8B6D2E401A456DB800B6EC70 /* TriangleViewController.m */; };
/* End PBXBuildFile section */

/* Begin PBXContainerItemProxy section */
		5460F2E01A3450290045098C /* PBXContainerItemProxy */ = {
			isa = PBXContainerItemProxy;
			containerPortal = 5460F2BE1A3450290045098C /* Project object */;
			proxyType = 1;
			remoteGlobalIDString = 5460F2C51A3450290045098C;
			remoteInfo = MyCalculator;
		};
/* End PBXContainerItemProxy section */

/* Begin PBXFileReference section */
		019849D65F84DA908A29B31D /* Pods-MyCalculatorTests.release.xcconfig */ = {isa = PBXFileReference; includeInIndex = 1; lastKnownFileType = text.xcconfig; name = "Pods-MyCalculatorTests.release.xcconfig"; path = "Pods/Target Support Files/Pods-MyCalculatorTests/Pods-MyCalculatorTests.release.xcconfig"; sourceTree = "<group>"; };
		2656D3AE35549AC677D74FF4 /* Pods-MyCalculator.debug.xcconfig */ = {isa = PBXFileReference; includeInIndex = 1; lastKnownFileType = text.xcconfig; name = "Pods-MyCalculator.debug.xcconfig"; path = "Pods/Target Support Files/Pods-MyCalculator/Pods-MyCalculator.debug.xcconfig"; sourceTree = "<group>"; };
		544B1FB61A41A79200642011 /* HealthViewController.h */ = {isa = PBXFileReference; fileEncoding = 4; lastKnownFileType = sourcecode.c.h; path = HealthViewController.h; sourceTree = "<group>"; };
		544B1FB71A41A79200642011 /* HealthViewController.m */ = {isa = PBXFileReference; fileEncoding = 4; lastKnownFileType = sourcecode.c.objc; path = HealthViewController.m; sourceTree = "<group>"; };
		5457C08C1A3C160800C36CCD /* btnView.h */ = {isa = PBXFileReference; fileEncoding = 4; lastKnownFileType = sourcecode.c.h; path = btnView.h; sourceTree = "<group>"; };
		5457C08D1A3C160800C36CCD /* btnView.m */ = {isa = PBXFileReference; fileEncoding = 4; lastKnownFileType = sourcecode.c.objc; path = btnView.m; sourceTree = "<group>"; };
		5460F2C61A3450290045098C /* MyCalculator.app */ = {isa = PBXFileReference; explicitFileType = wrapper.application; includeInIndex = 0; path = MyCalculator.app; sourceTree = BUILT_PRODUCTS_DIR; };
		5460F2CA1A3450290045098C /* Info.plist */ = {isa = PBXFileReference; lastKnownFileType = text.plist.xml; path = Info.plist; sourceTree = "<group>"; };
		5460F2CB1A3450290045098C /* main.m */ = {isa = PBXFileReference; lastKnownFileType = sourcecode.c.objc; path = main.m; sourceTree = "<group>"; };
		5460F2CD1A3450290045098C /* AppDelegate.h */ = {isa = PBXFileReference; lastKnownFileType = sourcecode.c.h; path = AppDelegate.h; sourceTree = "<group>"; };
		5460F2CE1A3450290045098C /* AppDelegate.m */ = {isa = PBXFileReference; lastKnownFileType = sourcecode.c.objc; path = AppDelegate.m; sourceTree = "<group>"; };
		5460F2D01A3450290045098C /* ViewController.h */ = {isa = PBXFileReference; lastKnownFileType = sourcecode.c.h; path = ViewController.h; sourceTree = "<group>"; };
		5460F2D11A3450290045098C /* ViewController.m */ = {isa = PBXFileReference; lastKnownFileType = sourcecode.c.objc; path = ViewController.m; sourceTree = "<group>"; };
		5460F2D41A3450290045098C /* Base */ = {isa = PBXFileReference; lastKnownFileType = file.storyboard; name = Base; path = Base.lproj/Main.storyboard; sourceTree = "<group>"; };
		5460F2D61A3450290045098C /* Images.xcassets */ = {isa = PBXFileReference; lastKnownFileType = folder.assetcatalog; path = Images.xcassets; sourceTree = "<group>"; };
		5460F2D91A3450290045098C /* Base */ = {isa = PBXFileReference; lastKnownFileType = file.xib; name = Base; path = Base.lproj/LaunchScreen.xib; sourceTree = "<group>"; };
		5460F2DF1A3450290045098C /* MyCalculatorTests.xctest */ = {isa = PBXFileReference; explicitFileType = wrapper.cfbundle; includeInIndex = 0; path = MyCalculatorTests.xctest; sourceTree = BUILT_PRODUCTS_DIR; };
		5460F2E41A3450290045098C /* Info.plist */ = {isa = PBXFileReference; lastKnownFileType = text.plist.xml; path = Info.plist; sourceTree = "<group>"; };
		5460F2E51A3450290045098C /* MyCalculatorTests.m */ = {isa = PBXFileReference; lastKnownFileType = sourcecode.c.objc; path = MyCalculatorTests.m; sourceTree = "<group>"; };
		5460F2EF1A3450520045098C /* Calculate.h */ = {isa = PBXFileReference; fileEncoding = 4; lastKnownFileType = sourcecode.c.h; path = Calculate.h; sourceTree = "<group>"; };
		5460F2F01A3450520045098C /* Calculate.m */ = {isa = PBXFileReference; fileEncoding = 4; lastKnownFileType = sourcecode.c.objc; path = Calculate.m; sourceTree = "<group>"; };
		547166071A36E307006ADFAF /* Stack.h */ = {isa = PBXFileReference; fileEncoding = 4; lastKnownFileType = sourcecode.c.h; path = Stack.h; sourceTree = "<group>"; };
		547166081A36E307006ADFAF /* Stack.m */ = {isa = PBXFileReference; fileEncoding = 4; lastKnownFileType = sourcecode.c.objc; path = Stack.m; sourceTree = "<group>"; };
		54D24F931A41837000483260 /* Calculate+Health.h */ = {isa = PBXFileReference; fileEncoding = 4; lastKnownFileType = sourcecode.c.h; path = "Calculate+Health.h"; sourceTree = "<group>"; };
		54D24F941A41837000483260 /* Calculate+Health.m */ = {isa = PBXFileReference; fileEncoding = 4; lastKnownFileType = sourcecode.c.objc; path = "Calculate+Health.m"; sourceTree = "<group>"; };
		54D70B4C1A3EFCC3006241AC /* advancedCalculator.h */ = {isa = PBXFileReference; fileEncoding = 4; lastKnownFileType = sourcecode.c.h; path = advancedCalculator.h; sourceTree = "<group>"; };
		54D70B4D1A3EFCC3006241AC /* advancedCalculator.m */ = {isa = PBXFileReference; fileEncoding = 4; lastKnownFileType = sourcecode.c.objc; path = advancedCalculator.m; sourceTree = "<group>"; };
		54D70B4F1A3F0C3F006241AC /* SecondViewController.h */ = {isa = PBXFileReference; fileEncoding = 4; lastKnownFileType = sourcecode.c.h; path = SecondViewController.h; sourceTree = "<group>"; };
		54D70B501A3F0C3F006241AC /* SecondViewController.m */ = {isa = PBXFileReference; fileEncoding = 4; lastKnownFileType = sourcecode.c.objc; path = SecondViewController.m; sourceTree = "<group>"; };
		582D149C286450FA63344597 /* Pods-MyCalculatorTests.debug.xcconfig */ = {isa = PBXFileReference; includeInIndex = 1; lastKnownFileType = text.xcconfig; name = "Pods-MyCalculatorTests.debug.xcconfig"; path = "Pods/Target Support Files/Pods-MyCalculatorTests/Pods-MyCalculatorTests.debug.xcconfig"; sourceTree = "<group>"; };
		6E8E667A6A66DDC343A9B1A9 /* Pods-MyCalculator.release.xcconfig */ = {isa = PBXFileReference; includeInIndex = 1; lastKnownFileType = text.xcconfig; name = "Pods-MyCalculator.release.xcconfig"; path = "Pods/Target Support Files/Pods-MyCalculator/Pods-MyCalculator.release.xcconfig"; sourceTree = "<group>"; };
		8B1A091E1A4F91CF000C8AE0 /* drawRectView.h */ = {isa = PBXFileReference; fileEncoding = 4; lastKnownFileType = sourcecode.c.h; path = drawRectView.h; sourceTree = "<group>"; };
		8B1A091F1A4F91CF000C8AE0 /* drawRectView.m */ = {isa = PBXFileReference; fileEncoding = 4; lastKnownFileType = sourcecode.c.objc; path = drawRectView.m; sourceTree = "<group>"; };
		8B6D2E3F1A456DB800B6EC70 /* TriangleViewController.h */ = {isa = PBXFileReference; fileEncoding = 4; lastKnownFileType = sourcecode.c.h; path = TriangleViewController.h; sourceTree = "<group>"; };
		8B6D2E401A456DB800B6EC70 /* TriangleViewController.m */ = {isa = PBXFileReference; fileEncoding = 4; lastKnownFileType = sourcecode.c.objc; path = TriangleViewController.m; sourceTree = "<group>"; };
		BBFEA8DF6CC8118BB5D7EDB7 /* libPods-MyCalculatorTests.a */ = {isa = PBXFileReference; explicitFileType = archive.ar; includeInIndex = 0; path = "libPods-MyCalculatorTests.a"; sourceTree = BUILT_PRODUCTS_DIR; };
		C0C8A6C635A06DD648EC6D19 /* libPods-MyCalculator.a */ = {isa = PBXFileReference; explicitFileType = archive.ar; includeInIndex = 0; path = "libPods-MyCalculator.a"; sourceTree = BUILT_PRODUCTS_DIR; };
/* End PBXFileReference section */

/* Begin PBXFrameworksBuildPhase section */
		5460F2C31A3450290045098C /* Frameworks */ = {
			isa = PBXFrameworksBuildPhase;
			buildActionMask = 2147483647;
			files = (
				0E39686F45F406CB0E1B3959 /* libPods-MyCalculator.a in Frameworks */,
			);
			runOnlyForDeploymentPostprocessing = 0;
		};
		5460F2DC1A3450290045098C /* Frameworks */ = {
			isa = PBXFrameworksBuildPhase;
			buildActionMask = 2147483647;
			files = (
				70D2A3D6321C15A1125623BA /* libPods-MyCalculatorTests.a in Frameworks */,
			);
			runOnlyForDeploymentPostprocessing = 0;
		};
/* End PBXFrameworksBuildPhase section */

/* Begin PBXGroup section */
		067C84574E74458E3D911B1A /* Pods */ = {
			isa = PBXGroup;
			children = (
				2656D3AE35549AC677D74FF4 /* Pods-MyCalculator.debug.xcconfig */,
				6E8E667A6A66DDC343A9B1A9 /* Pods-MyCalculator.release.xcconfig */,
				582D149C286450FA63344597 /* Pods-MyCalculatorTests.debug.xcconfig */,
				019849D65F84DA908A29B31D /* Pods-MyCalculatorTests.release.xcconfig */,
			);
			name = Pods;
			sourceTree = "<group>";
		};
		5460F2BD1A3450290045098C = {
			isa = PBXGroup;
			children = (
				5460F2C81A3450290045098C /* MyCalculator */,
				5460F2E21A3450290045098C /* MyCalculatorTests */,
				5460F2C71A3450290045098C /* Products */,
				067C84574E74458E3D911B1A /* Pods */,
				75EB1847E4691DBFCD4A9EE4 /* Frameworks */,
			);
			sourceTree = "<group>";
		};
		5460F2C71A3450290045098C /* Products */ = {
			isa = PBXGroup;
			children = (
				5460F2C61A3450290045098C /* MyCalculator.app */,
				5460F2DF1A3450290045098C /* MyCalculatorTests.xctest */,
			);
			name = Products;
			sourceTree = "<group>";
		};
		5460F2C81A3450290045098C /* MyCalculator */ = {
			isa = PBXGroup;
			children = (
				5460F2F21A34505B0045098C /* Model */,
				5460F2D01A3450290045098C /* ViewController.h */,
				5460F2D11A3450290045098C /* ViewController.m */,
				5460F2D31A3450290045098C /* Main.storyboard */,
				8B6D2E3F1A456DB800B6EC70 /* TriangleViewController.h */,
				8B6D2E401A456DB800B6EC70 /* TriangleViewController.m */,
				54D70B4F1A3F0C3F006241AC /* SecondViewController.h */,
				54D70B501A3F0C3F006241AC /* SecondViewController.m */,
				544B1FB61A41A79200642011 /* HealthViewController.h */,
				544B1FB71A41A79200642011 /* HealthViewController.m */,
				5460F2D61A3450290045098C /* Images.xcassets */,
				5460F2D81A3450290045098C /* LaunchScreen.xib */,
				5460F2C91A3450290045098C /* Supporting Files */,
				5457C08C1A3C160800C36CCD /* btnView.h */,
				5457C08D1A3C160800C36CCD /* btnView.m */,
				8B1A091E1A4F91CF000C8AE0 /* drawRectView.h */,
				8B1A091F1A4F91CF000C8AE0 /* drawRectView.m */,
			);
			path = MyCalculator;
			sourceTree = "<group>";
		};
		5460F2C91A3450290045098C /* Supporting Files */ = {
			isa = PBXGroup;
			children = (
				5460F2CD1A3450290045098C /* AppDelegate.h */,
				5460F2CE1A3450290045098C /* AppDelegate.m */,
				5460F2CA1A3450290045098C /* Info.plist */,
				5460F2CB1A3450290045098C /* main.m */,
			);
			name = "Supporting Files";
			sourceTree = "<group>";
		};
		5460F2E21A3450290045098C /* MyCalculatorTests */ = {
			isa = PBXGroup;
			children = (
				5460F2E51A3450290045098C /* MyCalculatorTests.m */,
				5460F2E31A3450290045098C /* Supporting Files */,
			);
			path = MyCalculatorTests;
			sourceTree = "<group>";
		};
		5460F2E31A3450290045098C /* Supporting Files */ = {
			isa = PBXGroup;
			children = (
				5460F2E41A3450290045098C /* Info.plist */,
			);
			name = "Supporting Files";
			sourceTree = "<group>";
		};
		5460F2F21A34505B0045098C /* Model */ = {
			isa = PBXGroup;
			children = (
				54D70B4C1A3EFCC3006241AC /* advancedCalculator.h */,
				54D70B4D1A3EFCC3006241AC /* advancedCalculator.m */,
				5460F2EF1A3450520045098C /* Calculate.h */,
				5460F2F01A3450520045098C /* Calculate.m */,
				547166071A36E307006ADFAF /* Stack.h */,
				547166081A36E307006ADFAF /* Stack.m */,
				54D24F931A41837000483260 /* Calculate+Health.h */,
				54D24F941A41837000483260 /* Calculate+Health.m */,
			);
			name = Model;
			sourceTree = "<group>";
		};
		75EB1847E4691DBFCD4A9EE4 /* Frameworks */ = {
			isa = PBXGroup;
			children = (
				C0C8A6C635A06DD648EC6D19 /* libPods-MyCalculator.a */,
				BBFEA8DF6CC8118BB5D7EDB7 /* libPods-MyCalculatorTests.a */,
			);
			name = Frameworks;
			sourceTree = "<group>";
		};
/* End PBXGroup section */

/* Begin PBXNativeTarget section */
		5460F2C51A3450290045098C /* MyCalculator */ = {
			isa = PBXNativeTarget;
			buildConfigurationList = 5460F2E91A3450290045098C /* Build configuration list for PBXNativeTarget "MyCalculator" */;
			buildPhases = (
				9AEE6EB5C3C7F9E7BBE9A7E9 /* [CP] Check Pods Manifest.lock */,
				5460F2C21A3450290045098C /* Sources */,
				5460F2C31A3450290045098C /* Frameworks */,
				5460F2C41A3450290045098C /* Resources */,
				6D0EA0EB5B25B123AE6A0474 /* [CP] Embed Pods Frameworks */,
				3F2342DD6DE121806205A393 /* [CP] Copy Pods Resources */,
			);
			buildRules = (
			);
			dependencies = (
			);
			name = MyCalculator;
			productName = MyCalculator;
			productReference = 5460F2C61A3450290045098C /* MyCalculator.app */;
			productType = "com.apple.product-type.application";
		};
		5460F2DE1A3450290045098C /* MyCalculatorTests */ = {
			isa = PBXNativeTarget;
			buildConfigurationList = 5460F2EC1A3450290045098C /* Build configuration list for PBXNativeTarget "MyCalculatorTests" */;
			buildPhases = (
				C417AE180148D1392AF0D85E /* [CP] Check Pods Manifest.lock */,
				5460F2DB1A3450290045098C /* Sources */,
				5460F2DC1A3450290045098C /* Frameworks */,
				5460F2DD1A3450290045098C /* Resources */,
				2E567BC0DB2AB4CB4F47EC3F /* [CP] Embed Pods Frameworks */,
				79E9896920497383F2351ABC /* [CP] Copy Pods Resources */,
			);
			buildRules = (
			);
			dependencies = (
				5460F2E11A3450290045098C /* PBXTargetDependency */,
			);
			name = MyCalculatorTests;
			productName = MyCalculatorTests;
			productReference = 5460F2DF1A3450290045098C /* MyCalculatorTests.xctest */;
			productType = "com.apple.product-type.bundle.unit-test";
		};
/* End PBXNativeTarget section */

/* Begin PBXProject section */
		5460F2BE1A3450290045098C /* Project object */ = {
			isa = PBXProject;
			attributes = {
				LastUpgradeCheck = 0930;
				ORGANIZATIONNAME = "SSE USTC";
				TargetAttributes = {
					5460F2C51A3450290045098C = {
						CreatedOnToolsVersion = 6.1;
						DevelopmentTeam = KWVYNK7KYH;
						ProvisioningStyle = Automatic;
					};
					5460F2DE1A3450290045098C = {
						CreatedOnToolsVersion = 6.1;
						TestTargetID = 5460F2C51A3450290045098C;
					};
				};
			};
			buildConfigurationList = 5460F2C11A3450290045098C /* Build configuration list for PBXProject "MyCalculator" */;
			compatibilityVersion = "Xcode 3.2";
			developmentRegion = English;
			hasScannedForEncodings = 0;
			knownRegions = (
				en,
				Base,
			);
			mainGroup = 5460F2BD1A3450290045098C;
			productRefGroup = 5460F2C71A3450290045098C /* Products */;
			projectDirPath = "";
			projectRoot = "";
			targets = (
				5460F2C51A3450290045098C /* MyCalculator */,
				5460F2DE1A3450290045098C /* MyCalculatorTests */,
			);
		};
/* End PBXProject section */

/* Begin PBXResourcesBuildPhase section */
		5460F2C41A3450290045098C /* Resources */ = {
			isa = PBXResourcesBuildPhase;
			buildActionMask = 2147483647;
			files = (
				5460F2D51A3450290045098C /* Main.storyboard in Resources */,
				5460F2DA1A3450290045098C /* LaunchScreen.xib in Resources */,
				5460F2D71A3450290045098C /* Images.xcassets in Resources */,
			);
			runOnlyForDeploymentPostprocessing = 0;
		};
		5460F2DD1A3450290045098C /* Resources */ = {
			isa = PBXResourcesBuildPhase;
			buildActionMask = 2147483647;
			files = (
			);
			runOnlyForDeploymentPostprocessing = 0;
		};
/* End PBXResourcesBuildPhase section */

/* Begin PBXShellScriptBuildPhase section */
		2E567BC0DB2AB4CB4F47EC3F /* [CP] Embed Pods Frameworks */ = {
			isa = PBXShellScriptBuildPhase;
			buildActionMask = 2147483647;
			files = (
			);
			inputPaths = (
			);
			name = "[CP] Embed Pods Frameworks";
			outputPaths = (
			);
			runOnlyForDeploymentPostprocessing = 0;
			shellPath = /bin/sh;
			shellScript = "\"${SRCROOT}/Pods/Target Support Files/Pods-MyCalculatorTests/Pods-MyCalculatorTests-frameworks.sh\"\n";
			showEnvVarsInLog = 0;
		};
		3F2342DD6DE121806205A393 /* [CP] Copy Pods Resources */ = {
			isa = PBXShellScriptBuildPhase;
			buildActionMask = 2147483647;
			files = (
			);
			inputPaths = (
			);
			name = "[CP] Copy Pods Resources";
			outputPaths = (
			);
			runOnlyForDeploymentPostprocessing = 0;
			shellPath = /bin/sh;
			shellScript = "\"${SRCROOT}/Pods/Target Support Files/Pods-MyCalculator/Pods-MyCalculator-resources.sh\"\n";
			showEnvVarsInLog = 0;
		};
		6D0EA0EB5B25B123AE6A0474 /* [CP] Embed Pods Frameworks */ = {
			isa = PBXShellScriptBuildPhase;
			buildActionMask = 2147483647;
			files = (
			);
			inputPaths = (
			);
			name = "[CP] Embed Pods Frameworks";
			outputPaths = (
			);
			runOnlyForDeploymentPostprocessing = 0;
			shellPath = /bin/sh;
			shellScript = "\"${SRCROOT}/Pods/Target Support Files/Pods-MyCalculator/Pods-MyCalculator-frameworks.sh\"\n";
			showEnvVarsInLog = 0;
		};
		79E9896920497383F2351ABC /* [CP] Copy Pods Resources */ = {
			isa = PBXShellScriptBuildPhase;
			buildActionMask = 2147483647;
			files = (
			);
			inputPaths = (
			);
			name = "[CP] Copy Pods Resources";
			outputPaths = (
			);
			runOnlyForDeploymentPostprocessing = 0;
			shellPath = /bin/sh;
			shellScript = "\"${SRCROOT}/Pods/Target Support Files/Pods-MyCalculatorTests/Pods-MyCalculatorTests-resources.sh\"\n";
			showEnvVarsInLog = 0;
		};
		9AEE6EB5C3C7F9E7BBE9A7E9 /* [CP] Check Pods Manifest.lock */ = {
			isa = PBXShellScriptBuildPhase;
			buildActionMask = 2147483647;
			files = (
			);
			inputPaths = (
				"${PODS_PODFILE_DIR_PATH}/Podfile.lock",
				"${PODS_ROOT}/Manifest.lock",
			);
			name = "[CP] Check Pods Manifest.lock";
			outputPaths = (
				"$(DERIVED_FILE_DIR)/Pods-MyCalculator-checkManifestLockResult.txt",
			);
			runOnlyForDeploymentPostprocessing = 0;
			shellPath = /bin/sh;
			shellScript = "diff \"${PODS_PODFILE_DIR_PATH}/Podfile.lock\" \"${PODS_ROOT}/Manifest.lock\" > /dev/null\nif [ $? != 0 ] ; then\n    # print error to STDERR\n    echo \"error: The sandbox is not in sync with the Podfile.lock. Run 'pod install' or update your CocoaPods installation.\" >&2\n    exit 1\nfi\n# This output is used by Xcode 'outputs' to avoid re-running this script phase.\necho \"SUCCESS\" > \"${SCRIPT_OUTPUT_FILE_0}\"\n";
			showEnvVarsInLog = 0;
		};
		C417AE180148D1392AF0D85E /* [CP] Check Pods Manifest.lock */ = {
			isa = PBXShellScriptBuildPhase;
			buildActionMask = 2147483647;
			files = (
			);
			inputPaths = (
				"${PODS_PODFILE_DIR_PATH}/Podfile.lock",
				"${PODS_ROOT}/Manifest.lock",
			);
			name = "[CP] Check Pods Manifest.lock";
			outputPaths = (
				"$(DERIVED_FILE_DIR)/Pods-MyCalculatorTests-checkManifestLockResult.txt",
			);
			runOnlyForDeploymentPostprocessing = 0;
			shellPath = /bin/sh;
			shellScript = "diff \"${PODS_PODFILE_DIR_PATH}/Podfile.lock\" \"${PODS_ROOT}/Manifest.lock\" > /dev/null\nif [ $? != 0 ] ; then\n    # print error to STDERR\n    echo \"error: The sandbox is not in sync with the Podfile.lock. Run 'pod install' or update your CocoaPods installation.\" >&2\n    exit 1\nfi\n# This output is used by Xcode 'outputs' to avoid re-running this script phase.\necho \"SUCCESS\" > \"${SCRIPT_OUTPUT_FILE_0}\"\n";
			showEnvVarsInLog = 0;
		};
/* End PBXShellScriptBuildPhase section */

/* Begin PBXSourcesBuildPhase section */
		5460F2C21A3450290045098C /* Sources */ = {
			isa = PBXSourcesBuildPhase;
			buildActionMask = 2147483647;
			files = (
				54D70B4E1A3EFCC3006241AC /* advancedCalculator.m in Sources */,
				5460F2F11A3450520045098C /* Calculate.m in Sources */,
				5460F2D21A3450290045098C /* ViewController.m in Sources */,
				5460F2CF1A3450290045098C /* AppDelegate.m in Sources */,
				8B6D2E411A456DB800B6EC70 /* TriangleViewController.m in Sources */,
				54D70B511A3F0C3F006241AC /* SecondViewController.m in Sources */,
				54D24F951A41837000483260 /* Calculate+Health.m in Sources */,
				547166091A36E307006ADFAF /* Stack.m in Sources */,
				5460F2CC1A3450290045098C /* main.m in Sources */,
				544B1FB81A41A79200642011 /* HealthViewController.m in Sources */,
				5457C08E1A3C160800C36CCD /* btnView.m in Sources */,
				8B1A09201A4F91CF000C8AE0 /* drawRectView.m in Sources */,
			);
			runOnlyForDeploymentPostprocessing = 0;
		};
		5460F2DB1A3450290045098C /* Sources */ = {
			isa = PBXSourcesBuildPhase;
			buildActionMask = 2147483647;
			files = (
				5460F2E61A3450290045098C /* MyCalculatorTests.m in Sources */,
			);
			runOnlyForDeploymentPostprocessing = 0;
		};
/* End PBXSourcesBuildPhase section */

/* Begin PBXTargetDependency section */
		5460F2E11A3450290045098C /* PBXTargetDependency */ = {
			isa = PBXTargetDependency;
			target = 5460F2C51A3450290045098C /* MyCalculator */;
			targetProxy = 5460F2E01A3450290045098C /* PBXContainerItemProxy */;
		};
/* End PBXTargetDependency section */

/* Begin PBXVariantGroup section */
		5460F2D31A3450290045098C /* Main.storyboard */ = {
			isa = PBXVariantGroup;
			children = (
				5460F2D41A3450290045098C /* Base */,
			);
			name = Main.storyboard;
			sourceTree = "<group>";
		};
		5460F2D81A3450290045098C /* LaunchScreen.xib */ = {
			isa = PBXVariantGroup;
			children = (
				5460F2D91A3450290045098C /* Base */,
			);
			name = LaunchScreen.xib;
			sourceTree = "<group>";
		};
/* End PBXVariantGroup section */

/* Begin XCBuildConfiguration section */
		5460F2E71A3450290045098C /* Debug */ = {
			isa = XCBuildConfiguration;
			buildSettings = {
				ALWAYS_SEARCH_USER_PATHS = NO;
				CLANG_CXX_LANGUAGE_STANDARD = "gnu++0x";
				CLANG_CXX_LIBRARY = "libc++";
				CLANG_ENABLE_MODULES = YES;
				CLANG_ENABLE_OBJC_ARC = YES;
				CLANG_WARN_BLOCK_CAPTURE_AUTORELEASING = YES;
				CLANG_WARN_BOOL_CONVERSION = YES;
				CLANG_WARN_COMMA = YES;
				CLANG_WARN_CONSTANT_CONVERSION = YES;
				CLANG_WARN_DEPRECATED_OBJC_IMPLEMENTATIONS = YES;
				CLANG_WARN_DIRECT_OBJC_ISA_USAGE = YES_ERROR;
				CLANG_WARN_EMPTY_BODY = YES;
				CLANG_WARN_ENUM_CONVERSION = YES;
				CLANG_WARN_INFINITE_RECURSION = YES;
				CLANG_WARN_INT_CONVERSION = YES;
				CLANG_WARN_NON_LITERAL_NULL_CONVERSION = YES;
				CLANG_WARN_OBJC_IMPLICIT_RETAIN_SELF = YES;
				CLANG_WARN_OBJC_LITERAL_CONVERSION = YES;
				CLANG_WARN_OBJC_ROOT_CLASS = YES_ERROR;
				CLANG_WARN_RANGE_LOOP_ANALYSIS = YES;
				CLANG_WARN_STRICT_PROTOTYPES = YES;
				CLANG_WARN_SUSPICIOUS_MOVE = YES;
				CLANG_WARN_UNREACHABLE_CODE = YES;
				CLANG_WARN__DUPLICATE_METHOD_MATCH = YES;
				"CODE_SIGN_IDENTITY[sdk=iphoneos*]" = "iPhone Developer";
				COPY_PHASE_STRIP = NO;
				ENABLE_STRICT_OBJC_MSGSEND = YES;
				ENABLE_TESTABILITY = YES;
				GCC_C_LANGUAGE_STANDARD = gnu99;
				GCC_DYNAMIC_NO_PIC = NO;
				GCC_NO_COMMON_BLOCKS = YES;
				GCC_OPTIMIZATION_LEVEL = 0;
				GCC_PREPROCESSOR_DEFINITIONS = (
					"DEBUG=1",
					"$(inherited)",
				);
				GCC_SYMBOLS_PRIVATE_EXTERN = NO;
				GCC_WARN_64_TO_32_BIT_CONVERSION = YES;
				GCC_WARN_ABOUT_RETURN_TYPE = YES_ERROR;
				GCC_WARN_UNDECLARED_SELECTOR = YES;
				GCC_WARN_UNINITIALIZED_AUTOS = YES_AGGRESSIVE;
				GCC_WARN_UNUSED_FUNCTION = YES;
				GCC_WARN_UNUSED_VARIABLE = YES;
				IPHONEOS_DEPLOYMENT_TARGET = 8.1;
				MTL_ENABLE_DEBUG_INFO = YES;
				ONLY_ACTIVE_ARCH = YES;
				SDKROOT = iphoneos;
				TARGETED_DEVICE_FAMILY = "1,2";
			};
			name = Debug;
		};
		5460F2E81A3450290045098C /* Release */ = {
			isa = XCBuildConfiguration;
			buildSettings = {
				ALWAYS_SEARCH_USER_PATHS = NO;
				CLANG_CXX_LANGUAGE_STANDARD = "gnu++0x";
				CLANG_CXX_LIBRARY = "libc++";
				CLANG_ENABLE_MODULES = YES;
				CLANG_ENABLE_OBJC_ARC = YES;
				CLANG_WARN_BLOCK_CAPTURE_AUTORELEASING = YES;
				CLANG_WARN_BOOL_CONVERSION = YES;
				CLANG_WARN_COMMA = YES;
				CLANG_WARN_CONSTANT_CONVERSION = YES;
				CLANG_WARN_DEPRECATED_OBJC_IMPLEMENTATIONS = YES;
				CLANG_WARN_DIRECT_OBJC_ISA_USAGE = YES_ERROR;
				CLANG_WARN_EMPTY_BODY = YES;
				CLANG_WARN_ENUM_CONVERSION = YES;
				CLANG_WARN_INFINITE_RECURSION = YES;
				CLANG_WARN_INT_CONVERSION = YES;
				CLANG_WARN_NON_LITERAL_NULL_CONVERSION = YES;
				CLANG_WARN_OBJC_IMPLICIT_RETAIN_SELF = YES;
				CLANG_WARN_OBJC_LITERAL_CONVERSION = YES;
				CLANG_WARN_OBJC_ROOT_CLASS = YES_ERROR;
				CLANG_WARN_RANGE_LOOP_ANALYSIS = YES;
				CLANG_WARN_STRICT_PROTOTYPES = YES;
				CLANG_WARN_SUSPICIOUS_MOVE = YES;
				CLANG_WARN_UNREACHABLE_CODE = YES;
				CLANG_WARN__DUPLICATE_METHOD_MATCH = YES;
				"CODE_SIGN_IDENTITY[sdk=iphoneos*]" = "iPhone Developer";
				COPY_PHASE_STRIP = YES;
				ENABLE_NS_ASSERTIONS = NO;
				ENABLE_STRICT_OBJC_MSGSEND = YES;
				GCC_C_LANGUAGE_STANDARD = gnu99;
				GCC_NO_COMMON_BLOCKS = YES;
				GCC_WARN_64_TO_32_BIT_CONVERSION = YES;
				GCC_WARN_ABOUT_RETURN_TYPE = YES_ERROR;
				GCC_WARN_UNDECLARED_SELECTOR = YES;
				GCC_WARN_UNINITIALIZED_AUTOS = YES_AGGRESSIVE;
				GCC_WARN_UNUSED_FUNCTION = YES;
				GCC_WARN_UNUSED_VARIABLE = YES;
				IPHONEOS_DEPLOYMENT_TARGET = 8.1;
				MTL_ENABLE_DEBUG_INFO = NO;
				SDKROOT = iphoneos;
				TARGETED_DEVICE_FAMILY = "1,2";
				VALIDATE_PRODUCT = YES;
			};
			name = Release;
		};
		5460F2EA1A3450290045098C /* Debug */ = {
			isa = XCBuildConfiguration;
			baseConfigurationReference = 2656D3AE35549AC677D74FF4 /* Pods-MyCalculator.debug.xcconfig */;
			buildSettings = {
				ASSETCATALOG_COMPILER_APPICON_NAME = AppIcon;
				CODE_SIGN_IDENTITY = "iPhone Developer";
				"CODE_SIGN_IDENTITY[sdk=*]" = "iPhone Developer";
				CODE_SIGN_STYLE = Automatic;
				DEVELOPMENT_TEAM = KWVYNK7KYH;
				INFOPLIST_FILE = MyCalculator/Info.plist;
				LD_RUNPATH_SEARCH_PATHS = "$(inherited) @executable_path/Frameworks";
				PRODUCT_BUNDLE_IDENTIFIER = space.minesecret.calculator;
				PRODUCT_NAME = "$(TARGET_NAME)";
				PROVISIONING_PROFILE_SPECIFIER = "";
				TARGETED_DEVICE_FAMILY = 1;
			};
			name = Debug;
		};
		5460F2EB1A3450290045098C /* Release */ = {
			isa = XCBuildConfiguration;
			baseConfigurationReference = 6E8E667A6A66DDC343A9B1A9 /* Pods-MyCalculator.release.xcconfig */;
			buildSettings = {
				ASSETCATALOG_COMPILER_APPICON_NAME = AppIcon;
				CODE_SIGN_IDENTITY = "iPhone Developer";
				CODE_SIGN_STYLE = Automatic;
				DEVELOPMENT_TEAM = KWVYNK7KYH;
				INFOPLIST_FILE = MyCalculator/Info.plist;
				LD_RUNPATH_SEARCH_PATHS = "$(inherited) @executable_path/Frameworks";
				PRODUCT_BUNDLE_IDENTIFIER = space.minesecret.calculator;
				PRODUCT_NAME = "$(TARGET_NAME)";
				PROVISIONING_PROFILE_SPECIFIER = "";
				TARGETED_DEVICE_FAMILY = 1;
			};
			name = Release;
		};
		5460F2ED1A3450290045098C /* Debug */ = {
			isa = XCBuildConfiguration;
			baseConfigurationReference = 582D149C286450FA63344597 /* Pods-MyCalculatorTests.debug.xcconfig */;
			buildSettings = {
				BUNDLE_LOADER = "$(TEST_HOST)";
				FRAMEWORK_SEARCH_PATHS = (
					"$(SDKROOT)/Developer/Library/Frameworks",
					"$(inherited)",
				);
				GCC_PREPROCESSOR_DEFINITIONS = (
					"DEBUG=1",
					"$(inherited)",
				);
				INFOPLIST_FILE = MyCalculatorTests/Info.plist;
				LD_RUNPATH_SEARCH_PATHS = "$(inherited) @executable_path/Frameworks @loader_path/Frameworks";
				PRODUCT_BUNDLE_IDENTIFIER = "cn.edu.ustc.sse.$(PRODUCT_NAME:rfc1034identifier)";
				PRODUCT_NAME = "$(TARGET_NAME)";
				TEST_HOST = "$(BUILT_PRODUCTS_DIR)/MyCalculator.app/MyCalculator";
			};
			name = Debug;
		};
		5460F2EE1A3450290045098C /* Release */ = {
			isa = XCBuildConfiguration;
			baseConfigurationReference = 019849D65F84DA908A29B31D /* Pods-MyCalculatorTests.release.xcconfig */;
			buildSettings = {
				BUNDLE_LOADER = "$(TEST_HOST)";
				FRAMEWORK_SEARCH_PATHS = (
					"$(SDKROOT)/Developer/Library/Frameworks",
					"$(inherited)",
				);
				INFOPLIST_FILE = MyCalculatorTests/Info.plist;
				LD_RUNPATH_SEARCH_PATHS = "$(inherited) @executable_path/Frameworks @loader_path/Frameworks";
				PRODUCT_BUNDLE_IDENTIFIER = "cn.edu.ustc.sse.$(PRODUCT_NAME:rfc1034identifier)";
				PRODUCT_NAME = "$(TARGET_NAME)";
				TEST_HOST = "$(BUILT_PRODUCTS_DIR)/MyCalculator.app/MyCalculator";
			};
			name = Release;
		};
/* End XCBuildConfiguration section */

/* Begin XCConfigurationList section */
		5460F2C11A3450290045098C /* Build configuration list for PBXProject "MyCalculator" */ = {
			isa = XCConfigurationList;
			buildConfigurations = (
				5460F2E71A3450290045098C /* Debug */,
				5460F2E81A3450290045098C /* Release */,
			);
			defaultConfigurationIsVisible = 0;
			defaultConfigurationName = Release;
		};
		5460F2E91A3450290045098C /* Build configuration list for PBXNativeTarget "MyCalculator" */ = {
			isa = XCConfigurationList;
			buildConfigurations = (
				5460F2EA1A3450290045098C /* Debug */,
				5460F2EB1A3450290045098C /* Release */,
			);
			defaultConfigurationIsVisible = 0;
			defaultConfigurationName = Release;
		};
		5460F2EC1A3450290045098C /* Build configuration list for PBXNativeTarget "MyCalculatorTests" */ = {
			isa = XCConfigurationList;
			buildConfigurations = (
				5460F2ED1A3450290045098C /* Debug */,
				5460F2EE1A3450290045098C /* Release */,
			);
			defaultConfigurationIsVisible = 0;
			defaultConfigurationName = Release;
		};
/* End XCConfigurationList section */
	};
	rootObject = 5460F2BE1A3450290045098C /* Project object */;
}
